Microsoft Visual Studio Solution File, Format Version 11.00
# Visual Studio 2008

Project("{6B4EC9C9-9A7D-82B7-61C5-4765B1F0CE14}") = "ShootingTrainer", "Assembly-CSharp-firstpass-vs.csproj", "{98E1F35D-768C-C33F-A65F-BE04BD5167D2}"
EndProject
Project("{6B4EC9C9-9A7D-82B7-61C5-4765B1F0CE14}") = "ShootingTrainer", "Assembly-CSharp-vs.csproj", "{513E17F3-D9FE-2223-A53A-38156A406614}"
EndProject
Project("{6B4EC9C9-9A7D-82B7-61C5-4765B1F0CE14}") = "ShootingTrainer", "Assembly-CSharp-Editor-firstpass-vs.csproj", "{44B3DC98-EC71-FB1D-EC9F-C960BC128BCA}"
EndProject
Global
	GlobalSection(SolutionConfigurationPlatforms) = preSolution
		Debug|Any CPU = Debug|Any CPU
		Release|Any CPU = Release|Any CPU
	EndGlobalSection
	GlobalSection(ProjectConfigurationPlatforms) = postSolution
		{98E1F35D-768C-C33F-A65F-BE04BD5167D2}.Debug|Any CPU.ActiveCfg = Debug|Any CPU
		{98E1F35D-768C-C33F-A65F-BE04BD5167D2}.Debug|Any CPU.Build.0 = Debug|Any CPU
		{98E1F35D-768C-C33F-A65F-BE04BD5167D2}.Release|Any CPU.ActiveCfg = Release|Any CPU
		{98E1F35D-768C-C33F-A65F-BE04BD5167D2}.Release|Any CPU.Build.0 = Release|Any CPU
		{513E17F3-D9FE-2223-A53A-38156A406614}.Debug|Any CPU.ActiveCfg = Debug|Any CPU
		{513E17F3-D9FE-2223-A53A-38156A406614}.Debug|Any CPU.Build.0 = Debug|Any CPU
		{513E17F3-D9FE-2223-A53A-38156A406614}.Release|Any CPU.ActiveCfg = Release|Any CPU
		{513E17F3-D9FE-2223-A53A-38156A406614}.Release|Any CPU.Build.0 = Release|Any CPU
		{44B3DC98-EC71-FB1D-EC9F-C960BC128BCA}.Debug|Any CPU.ActiveCfg = Debug|Any CPU
		{44B3DC98-EC71-FB1D-EC9F-C960BC128BCA}.Debug|Any CPU.Build.0 = Debug|Any CPU
		{44B3DC98-EC71-FB1D-EC9F-C960BC128BCA}.Release|Any CPU.ActiveCfg = Release|Any CPU
		{44B3DC98-EC71-FB1D-EC9F-C960BC128BCA}.Release|Any CPU.Build.0 = Release|Any CPU
	EndGlobalSection
	GlobalSection(SolutionProperties) = preSolution
		HideSolutionNode = FALSE
	EndGlobalSection
																																																																													GlobalSection(MonoDevelopProperties) = preSolution
		StartupItem = Assembly-CSharp.csproj
		Policies = $0
		$0.TextStylePolicy = $1
		$1.inheritsSet = null
		$1.scope = text/x-csharp
		$0.CSharpFormattingPolicy = $2
		$2.inheritsSet = Mono
		$2.inheritsScope = text/x-csharp
		$2.scope = text/x-csharp
		$0.TextStylePolicy = $3
		$3.FileWidth = 120
		$3.TabWidth = 4
		$3.IndentWidth = 4
		$3.EolMarker = Unix
		$3.inheritsSet = Mono
		$3.inheritsScope = text/plain
		$3.scope = text/plain
	EndGlobalSection

EndGlobal
